{
  "name": "paperang-cli",
  "version": "0.1.6",
  "lockfileVersion": 3,
  "requires": true,
  "packages": {
    "": {
      "name": "paperang-cli",
      "version": "0.1.6",
      "hasInstallScript": true,
      "license": "MIT",
      "bin": {
        "paperang": "bin/paperang.js",
        "paperang-cli": "bin/paperang-cli.js"
      },
      "engines": {
        "node": ">=22.14.0",
        "npm": ">=11.5.1"
      }
    }
  }
}
